
Microsoft Visual Studio Solution File, Format Version 12.00
# Visual Studio Version 16
VisualStudioVersion = 16.0.30717.126
MinimumVisualStudioVersion = 10.0.40219.1
Project("{9A19103F-16F7-4668-BE54-9A1E7A4F7556}") = "Day01", "Day01\Day01.csproj", "{F0023FDF-8E6B-424F-99B6-B136635E77A2}"
EndProject
Project("{9A19103F-16F7-4668-BE54-9A1E7A4F7556}") = "Day02", "Day02\Day02.csproj", "{49C029FC-3D0D-4BEE-BC5C-1A1FCBD1F4A5}"
EndProject
Project("{9A19103F-16F7-4668-BE54-9A1E7A4F7556}") = "Day03", "Day03\Day03.csproj", "{7534EDFD-478A-452D-9447-A0D14153985F}"
EndProject
Project("{9A19103F-16F7-4668-BE54-9A1E7A4F7556}") = "Day04", "Day04\Day04.csproj", "{58C07E41-5F3F-42D5-ACE0-AB21D46B6EBE}"
EndProject
Project("{9A19103F-16F7-4668-BE54-9A1E7A4F7556}") = "Day05", "Day05\Day05.csproj", "{4B76FD3C-F859-4484-A02A-E4E00E678665}"
EndProject
Project("{9A19103F-16F7-4668-BE54-9A1E7A4F7556}") = "Day06", "Day06\Day06.csproj", "{09F59BF9-B70B-4041-9821-F63B1D747FEE}"
EndProject
Project("{9A19103F-16F7-4668-BE54-9A1E7A4F7556}") = "Day07", "Day07\Day07.csproj", "{B6928116-114E-4BD4-9F65-D775B8774764}"
EndProject
Project("{9A19103F-16F7-4668-BE54-9A1E7A4F7556}") = "Day08", "Day08\Day08.csproj", "{3BE81D5C-85E2-4465-8BB7-F45717EDB0C5}"
EndProject
Project("{9A19103F-16F7-4668-BE54-9A1E7A4F7556}") = "Day09", "Day09\Day09.csproj", "{6F912E29-0D58-442E-9092-9F46449747D7}"
EndProject
Project("{9A19103F-16F7-4668-BE54-9A1E7A4F7556}") = "Day10", "Day10\Day10.csproj", "{CC77C9C3-74C8-42F3-BB64-53FC768E31FC}"
EndProject
Project("{9A19103F-16F7-4668-BE54-9A1E7A4F7556}") = "Day11", "Day11\Day11.csproj", "{72682702-75F8-4463-B8FE-452B5F5DF75D}"
EndProject
Project("{9A19103F-16F7-4668-BE54-9A1E7A4F7556}") = "Day12", "Day12\Day12.csproj", "{A598BDBD-3C85-454A-B320-A713A6ACA824}"
EndProject
Project("{9A19103F-16F7-4668-BE54-9A1E7A4F7556}") = "Day13", "Day13\Day13.csproj", "{028CCED2-B185-43F5-810C-63195EF949E2}"
EndProject
Project("{9A19103F-16F7-4668-BE54-9A1E7A4F7556}") = "Day14", "Day14\Day14.csproj", "{B95B86EE-16DC-4B71-868F-6CD73E32AA12}"
EndProject
Project("{9A19103F-16F7-4668-BE54-9A1E7A4F7556}") = "Day15", "Day15\Day15.csproj", "{41747AE8-8D0B-426C-AD26-6D2ADDDEF699}"
EndProject
Project("{9A19103F-16F7-4668-BE54-9A1E7A4F7556}") = "Day16", "Day16\Day16.csproj", "{CDEF4E0D-88E8-427E-A795-3FFB4CE8210A}"
EndProject
Project("{FAE04EC0-301F-11D3-BF4B-00C04F79EFBC}") = "Day17", "Day17\Day17.csproj", "{6443DFB7-64ED-42C8-9E7D-3286447AB7F6}"
EndProject
Project("{FAE04EC0-301F-11D3-BF4B-00C04F79EFBC}") = "Day18", "Day18\Day18.csproj", "{981A245D-DE1C-41B3-9921-19E4594C4985}"
EndProject
Project("{FAE04EC0-301F-11D3-BF4B-00C04F79EFBC}") = "Day19", "Day19\Day19.csproj", "{73058FD3-92B8-4D84-8F84-D02D53C6DA04}"
EndProject
Project("{FAE04EC0-301F-11D3-BF4B-00C04F79EFBC}") = "Day20", "Day20\Day20.csproj", "{963A6781-C562-440E-87DB-AD790C0DE6C3}"
EndProject
Project("{FAE04EC0-301F-11D3-BF4B-00C04F79EFBC}") = "Day21", "Day21\Day21.csproj", "{6F569B32-71E5-47F5-BE8D-8EB584DF9540}"
EndProject
Project("{FAE04EC0-301F-11D3-BF4B-00C04F79EFBC}") = "Day22", "Day22\Day22.csproj", "{5E36BB87-3851-4D9E-834C-3F2B3B6D0041}"
EndProject
Global
	GlobalSection(SolutionConfigurationPlatforms) = preSolution
		Debug|Any CPU = Debug|Any CPU
		Release|Any CPU = Release|Any CPU
	EndGlobalSection
	GlobalSection(ProjectConfigurationPlatforms) = postSolution
		{F0023FDF-8E6B-424F-99B6-B136635E77A2}.Debug|Any CPU.ActiveCfg = Debug|Any CPU
		{F0023FDF-8E6B-424F-99B6-B136635E77A2}.Debug|Any CPU.Build.0 = Debug|Any CPU
		{F0023FDF-8E6B-424F-99B6-B136635E77A2}.Release|Any CPU.ActiveCfg = Release|Any CPU
		{F0023FDF-8E6B-424F-99B6-B136635E77A2}.Release|Any CPU.Build.0 = Release|Any CPU
		{49C029FC-3D0D-4BEE-BC5C-1A1FCBD1F4A5}.Debug|Any CPU.ActiveCfg = Debug|Any CPU
		{49C029FC-3D0D-4BEE-BC5C-1A1FCBD1F4A5}.Debug|Any CPU.Build.0 = Debug|Any CPU
		{49C029FC-3D0D-4BEE-BC5C-1A1FCBD1F4A5}.Release|Any CPU.ActiveCfg = Release|Any CPU
		{49C029FC-3D0D-4BEE-BC5C-1A1FCBD1F4A5}.Release|Any CPU.Build.0 = Release|Any CPU
		{7534EDFD-478A-452D-9447-A0D14153985F}.Debug|Any CPU.ActiveCfg = Debug|Any CPU
		{7534EDFD-478A-452D-9447-A0D14153985F}.Debug|Any CPU.Build.0 = Debug|Any CPU
		{7534EDFD-478A-452D-9447-A0D14153985F}.Release|Any CPU.ActiveCfg = Release|Any CPU
		{7534EDFD-478A-452D-9447-A0D14153985F}.Release|Any CPU.Build.0 = Release|Any CPU
		{58C07E41-5F3F-42D5-ACE0-AB21D46B6EBE}.Debug|Any CPU.ActiveCfg = Debug|Any CPU
		{58C07E41-5F3F-42D5-ACE0-AB21D46B6EBE}.Debug|Any CPU.Build.0 = Debug|Any CPU
		{58C07E41-5F3F-42D5-ACE0-AB21D46B6EBE}.Release|Any CPU.ActiveCfg = Release|Any CPU
		{58C07E41-5F3F-42D5-ACE0-AB21D46B6EBE}.Release|Any CPU.Build.0 = Release|Any CPU
		{4B76FD3C-F859-4484-A02A-E4E00E678665}.Debug|Any CPU.ActiveCfg = Debug|Any CPU
		{4B76FD3C-F859-4484-A02A-E4E00E678665}.Debug|Any CPU.Build.0 = Debug|Any CPU
		{4B76FD3C-F859-4484-A02A-E4E00E678665}.Release|Any CPU.ActiveCfg = Release|Any CPU
		{4B76FD3C-F859-4484-A02A-E4E00E678665}.Release|Any CPU.Build.0 = Release|Any CPU
		{09F59BF9-B70B-4041-9821-F63B1D747FEE}.Debug|Any CPU.ActiveCfg = Debug|Any CPU
		{09F59BF9-B70B-4041-9821-F63B1D747FEE}.Debug|Any CPU.Build.0 = Debug|Any CPU
		{09F59BF9-B70B-4041-9821-F63B1D747FEE}.Release|Any CPU.ActiveCfg = Release|Any CPU
		{09F59BF9-B70B-4041-9821-F63B1D747FEE}.Release|Any CPU.Build.0 = Release|Any CPU
		{B6928116-114E-4BD4-9F65-D775B8774764}.Debug|Any CPU.ActiveCfg = Debug|Any CPU
		{B6928116-114E-4BD4-9F65-D775B8774764}.Debug|Any CPU.Build.0 = Debug|Any CPU
		{B6928116-114E-4BD4-9F65-D775B8774764}.Release|Any CPU.ActiveCfg = Release|Any CPU
		{B6928116-114E-4BD4-9F65-D775B8774764}.Release|Any CPU.Build.0 = Release|Any CPU
		{3BE81D5C-85E2-4465-8BB7-F45717EDB0C5}.Debug|Any CPU.ActiveCfg = Debug|Any CPU
		{3BE81D5C-85E2-4465-8BB7-F45717EDB0C5}.Debug|Any CPU.Build.0 = Debug|Any CPU
		{3BE81D5C-85E2-4465-8BB7-F45717EDB0C5}.Release|Any CPU.ActiveCfg = Release|Any CPU
		{3BE81D5C-85E2-4465-8BB7-F45717EDB0C5}.Release|Any CPU.Build.0 = Release|Any CPU
		{6F912E29-0D58-442E-9092-9F46449747D7}.Debug|Any CPU.ActiveCfg = Debug|Any CPU
		{6F912E29-0D58-442E-9092-9F46449747D7}.Debug|Any CPU.Build.0 = Debug|Any CPU
		{6F912E29-0D58-442E-9092-9F46449747D7}.Release|Any CPU.ActiveCfg = Release|Any CPU
		{6F912E29-0D58-442E-9092-9F46449747D7}.Release|Any CPU.Build.0 = Release|Any CPU
		{CC77C9C3-74C8-42F3-BB64-53FC768E31FC}.Debug|Any CPU.ActiveCfg = Debug|Any CPU
		{CC77C9C3-74C8-42F3-BB64-53FC768E31FC}.Debug|Any CPU.Build.0 = Debug|Any CPU
		{CC77C9C3-74C8-42F3-BB64-53FC768E31FC}.Release|Any CPU.ActiveCfg = Release|Any CPU
		{CC77C9C3-74C8-42F3-BB64-53FC768E31FC}.Release|Any CPU.Build.0 = Release|Any CPU
		{72682702-75F8-4463-B8FE-452B5F5DF75D}.Debug|Any CPU.ActiveCfg = Debug|Any CPU
		{72682702-75F8-4463-B8FE-452B5F5DF75D}.Debug|Any CPU.Build.0 = Debug|Any CPU
		{72682702-75F8-4463-B8FE-452B5F5DF75D}.Release|Any CPU.ActiveCfg = Release|Any CPU
		{72682702-75F8-4463-B8FE-452B5F5DF75D}.Release|Any CPU.Build.0 = Release|Any CPU
		{A598BDBD-3C85-454A-B320-A713A6ACA824}.Debug|Any CPU.ActiveCfg = Debug|Any CPU
		{A598BDBD-3C85-454A-B320-A713A6ACA824}.Debug|Any CPU.Build.0 = Debug|Any CPU
		{A598BDBD-3C85-454A-B320-A713A6ACA824}.Release|Any CPU.ActiveCfg = Release|Any CPU
		{A598BDBD-3C85-454A-B320-A713A6ACA824}.Release|Any CPU.Build.0 = Release|Any CPU
		{028CCED2-B185-43F5-810C-63195EF949E2}.Debug|Any CPU.ActiveCfg = Debug|Any CPU
		{028CCED2-B185-43F5-810C-63195EF949E2}.Debug|Any CPU.Build.0 = Debug|Any CPU
		{028CCED2-B185-43F5-810C-63195EF949E2}.Release|Any CPU.ActiveCfg = Release|Any CPU
		{028CCED2-B185-43F5-810C-63195EF949E2}.Release|Any CPU.Build.0 = Release|Any CPU
		{B95B86EE-16DC-4B71-868F-6CD73E32AA12}.Debug|Any CPU.ActiveCfg = Debug|Any CPU
		{B95B86EE-16DC-4B71-868F-6CD73E32AA12}.Debug|Any CPU.Build.0 = Debug|Any CPU
		{B95B86EE-16DC-4B71-868F-6CD73E32AA12}.Release|Any CPU.ActiveCfg = Release|Any CPU
		{B95B86EE-16DC-4B71-868F-6CD73E32AA12}.Release|Any CPU.Build.0 = Release|Any CPU
		{41747AE8-8D0B-426C-AD26-6D2ADDDEF699}.Debug|Any CPU.ActiveCfg = Debug|Any CPU
		{41747AE8-8D0B-426C-AD26-6D2ADDDEF699}.Debug|Any CPU.Build.0 = Debug|Any CPU
		{41747AE8-8D0B-426C-AD26-6D2ADDDEF699}.Release|Any CPU.ActiveCfg = Release|Any CPU
		{41747AE8-8D0B-426C-AD26-6D2ADDDEF699}.Release|Any CPU.Build.0 = Release|Any CPU
		{CDEF4E0D-88E8-427E-A795-3FFB4CE8210A}.Debug|Any CPU.ActiveCfg = Debug|Any CPU
		{CDEF4E0D-88E8-427E-A795-3FFB4CE8210A}.Debug|Any CPU.Build.0 = Debug|Any CPU
		{CDEF4E0D-88E8-427E-A795-3FFB4CE8210A}.Release|Any CPU.ActiveCfg = Release|Any CPU
		{CDEF4E0D-88E8-427E-A795-3FFB4CE8210A}.Release|Any CPU.Build.0 = Release|Any CPU
		{6443DFB7-64ED-42C8-9E7D-3286447AB7F6}.Debug|Any CPU.ActiveCfg = Debug|Any CPU
		{6443DFB7-64ED-42C8-9E7D-3286447AB7F6}.Debug|Any CPU.Build.0 = Debug|Any CPU
		{6443DFB7-64ED-42C8-9E7D-3286447AB7F6}.Release|Any CPU.ActiveCfg = Release|Any CPU
		{6443DFB7-64ED-42C8-9E7D-3286447AB7F6}.Release|Any CPU.Build.0 = Release|Any CPU
		{981A245D-DE1C-41B3-9921-19E4594C4985}.Debug|Any CPU.ActiveCfg = Debug|Any CPU
		{981A245D-DE1C-41B3-9921-19E4594C4985}.Debug|Any CPU.Build.0 = Debug|Any CPU
		{981A245D-DE1C-41B3-9921-19E4594C4985}.Release|Any CPU.ActiveCfg = Release|Any CPU
		{981A245D-DE1C-41B3-9921-19E4594C4985}.Release|Any CPU.Build.0 = Release|Any CPU
		{73058FD3-92B8-4D84-8F84-D02D53C6DA04}.Debug|Any CPU.ActiveCfg = Debug|Any CPU
		{73058FD3-92B8-4D84-8F84-D02D53C6DA04}.Debug|Any CPU.Build.0 = Debug|Any CPU
		{73058FD3-92B8-4D84-8F84-D02D53C6DA04}.Release|Any CPU.ActiveCfg = Release|Any CPU
		{73058FD3-92B8-4D84-8F84-D02D53C6DA04}.Release|Any CPU.Build.0 = Release|Any CPU
		{963A6781-C562-440E-87DB-AD790C0DE6C3}.Debug|Any CPU.ActiveCfg = Debug|Any CPU
		{963A6781-C562-440E-87DB-AD790C0DE6C3}.Debug|Any CPU.Build.0 = Debug|Any CPU
		{963A6781-C562-440E-87DB-AD790C0DE6C3}.Release|Any CPU.ActiveCfg = Release|Any CPU
		{963A6781-C562-440E-87DB-AD790C0DE6C3}.Release|Any CPU.Build.0 = Release|Any CPU
		{6F569B32-71E5-47F5-BE8D-8EB584DF9540}.Debug|Any CPU.ActiveCfg = Debug|Any CPU
		{6F569B32-71E5-47F5-BE8D-8EB584DF9540}.Debug|Any CPU.Build.0 = Debug|Any CPU
		{6F569B32-71E5-47F5-BE8D-8EB584DF9540}.Release|Any CPU.ActiveCfg = Release|Any CPU
		{6F569B32-71E5-47F5-BE8D-8EB584DF9540}.Release|Any CPU.Build.0 = Release|Any CPU
		{5E36BB87-3851-4D9E-834C-3F2B3B6D0041}.Debug|Any CPU.ActiveCfg = Debug|Any CPU
		{5E36BB87-3851-4D9E-834C-3F2B3B6D0041}.Debug|Any CPU.Build.0 = Debug|Any CPU
		{5E36BB87-3851-4D9E-834C-3F2B3B6D0041}.Release|Any CPU.ActiveCfg = Release|Any CPU
		{5E36BB87-3851-4D9E-834C-3F2B3B6D0041}.Release|Any CPU.Build.0 = Release|Any CPU
	EndGlobalSection
	GlobalSection(SolutionProperties) = preSolution
		HideSolutionNode = FALSE
	EndGlobalSection
	GlobalSection(ExtensibilityGlobals) = postSolution
		SolutionGuid = {B5B45F29-596F-4E27-B4B2-487805B5FB92}
	EndGlobalSection
EndGlobal
