
Microsoft Visual Studio Solution File, Format Version 12.00
# Visual Studio Version 17
VisualStudioVersion = 17.0.31903.59
MinimumVisualStudioVersion = 10.0.40219.1
Project("{2150E333-8FDC-42A3-9474-1A3956D46DE8}") = "src", "src", "{45DCC75F-DD24-4EEF-A9A6-10D168D995AF}"
EndProject
Project("{2150E333-8FDC-42A3-9474-1A3956D46DE8}") = "tests", "tests", "{05730A1E-9CED-4716-82F1-E7AFE33890A4}"
EndProject
Project("{9A19103F-16F7-4668-BE54-9A1E7A4F7556}") = "Day01", "src\Day01\Day01.csproj", "{B59BEEE8-CA8C-4BF8-A57F-AC8A5344FE64}"
EndProject
Project("{9A19103F-16F7-4668-BE54-9A1E7A4F7556}") = "Day01.Tests", "tests\Day01.Tests\Day01.Tests.csproj", "{8ECB9D8E-457A-497A-BFAC-65899E4D7149}"
EndProject
Project("{9A19103F-16F7-4668-BE54-9A1E7A4F7556}") = "Day02", "src\Day02\Day02.csproj", "{3231A95B-DD9B-4F29-8DFC-91046B4C718B}"
EndProject
Project("{9A19103F-16F7-4668-BE54-9A1E7A4F7556}") = "Day02.Tests", "tests\Day02.Tests\Day02.Tests.csproj", "{E9234880-0B46-4333-B845-E7408BD83932}"
EndProject
Project("{9A19103F-16F7-4668-BE54-9A1E7A4F7556}") = "Day03.Tests", "tests\Day03.Tests\Day03.Tests.csproj", "{B75BB066-9CF2-4DE3-8383-17E4E1BD2CAE}"
EndProject
Project("{9A19103F-16F7-4668-BE54-9A1E7A4F7556}") = "Day03", "src\Day03\Day03.csproj", "{C3474063-B3AD-4084-993B-8BF726005DEA}"
EndProject
Project("{9A19103F-16F7-4668-BE54-9A1E7A4F7556}") = "Day04.Tests", "tests\Day04.Tests\Day04.Tests.csproj", "{491FA86F-87BE-4687-B880-3802C7325C00}"
EndProject
Project("{9A19103F-16F7-4668-BE54-9A1E7A4F7556}") = "Day04", "src\Day04\Day04.csproj", "{A744E193-AAA7-4B37-9E57-17D6D8362C29}"
EndProject
Project("{9A19103F-16F7-4668-BE54-9A1E7A4F7556}") = "Day05", "src\Day05\Day05.csproj", "{F19CCA1E-EAA8-41AE-8927-98587E1EB50F}"
EndProject
Project("{9A19103F-16F7-4668-BE54-9A1E7A4F7556}") = "Day05.Tests", "tests\Day05.Tests\Day05.Tests.csproj", "{808E2592-1858-4AA0-ADDE-91A5A115F957}"
EndProject
Project("{9A19103F-16F7-4668-BE54-9A1E7A4F7556}") = "Day06", "src\Day06\Day06.csproj", "{9CB0D242-70CB-48D5-9FB9-D9E03240B702}"
EndProject
Project("{9A19103F-16F7-4668-BE54-9A1E7A4F7556}") = "Day06.Tests", "tests\Day06.Tests\Day06.Tests.csproj", "{267F2A61-670A-41A4-851F-746C3F89590A}"
EndProject
Project("{9A19103F-16F7-4668-BE54-9A1E7A4F7556}") = "Day07", "src\Day07\Day07.csproj", "{BD9D15A2-6372-4806-A809-FFC795245C35}"
EndProject
Project("{9A19103F-16F7-4668-BE54-9A1E7A4F7556}") = "Day07.Tests", "tests\Day07.Tests\Day07.Tests.csproj", "{DC71D809-24D1-48A8-A014-C4A6DD2B355F}"
EndProject
Project("{9A19103F-16F7-4668-BE54-9A1E7A4F7556}") = "Day08", "src\Day08\Day08.csproj", "{B240EC2B-40C0-4C0E-9243-98C37F7FC742}"
EndProject
Project("{9A19103F-16F7-4668-BE54-9A1E7A4F7556}") = "Day08.Tests", "tests\Day08.Tests\Day08.Tests.csproj", "{71A76D6D-764E-430D-A5C1-52B2C0A5F796}"
EndProject
Project("{9A19103F-16F7-4668-BE54-9A1E7A4F7556}") = "Day09", "src\Day09\Day09.csproj", "{102A1F37-6F10-415E-8343-BCDFC98CC825}"
EndProject
Project("{9A19103F-16F7-4668-BE54-9A1E7A4F7556}") = "Day09.Tests", "tests\Day09.Tests\Day09.Tests.csproj", "{62F9B56D-8E1E-42B7-99D8-EBEC33CC4960}"
EndProject
Project("{9A19103F-16F7-4668-BE54-9A1E7A4F7556}") = "Day10", "src\Day10\Day10.csproj", "{0C28DF15-3C54-4A66-8EAB-9C2F53791EB0}"
EndProject
Project("{9A19103F-16F7-4668-BE54-9A1E7A4F7556}") = "Day10.Tests", "tests\Day10.Tests\Day10.Tests.csproj", "{F0041FA0-C383-44C1-93E0-8CF81C0023E9}"
EndProject
Project("{9A19103F-16F7-4668-BE54-9A1E7A4F7556}") = "Day11", "src\Day11\Day11.csproj", "{0E6C7480-9DDD-40C7-9BF2-6334C42B4035}"
EndProject
Project("{9A19103F-16F7-4668-BE54-9A1E7A4F7556}") = "Day11.Tests", "tests\Day11.Tests\Day11.Tests.csproj", "{505C0040-3E63-484B-AEA6-2102C79F3782}"
EndProject
Project("{9A19103F-16F7-4668-BE54-9A1E7A4F7556}") = "Day12", "src\Day12\Day12.csproj", "{E44F2FED-A60E-4E4B-BA22-76AF15D1777A}"
EndProject
Project("{9A19103F-16F7-4668-BE54-9A1E7A4F7556}") = "Day12.Tests", "tests\Day12.Tests\Day12.Tests.csproj", "{BF9AEA01-3CAD-46BF-841F-36719E907BB5}"
EndProject
Project("{FAE04EC0-301F-11D3-BF4B-00C04F79EFBC}") = "Day13", "src\Day13\Day13.csproj", "{118FF039-04B6-4023-9FD4-5F7C5A299558}"
EndProject
Project("{FAE04EC0-301F-11D3-BF4B-00C04F79EFBC}") = "Day13.Tests", "tests\Day13.Tests\Day13.Tests.csproj", "{1385C896-52E2-4F98-948D-3B07B6B6790C}"
EndProject
Global
	GlobalSection(SolutionConfigurationPlatforms) = preSolution
		Debug|Any CPU = Debug|Any CPU
		Release|Any CPU = Release|Any CPU
	EndGlobalSection
	GlobalSection(ProjectConfigurationPlatforms) = postSolution
		{B59BEEE8-CA8C-4BF8-A57F-AC8A5344FE64}.Debug|Any CPU.ActiveCfg = Debug|Any CPU
		{B59BEEE8-CA8C-4BF8-A57F-AC8A5344FE64}.Debug|Any CPU.Build.0 = Debug|Any CPU
		{B59BEEE8-CA8C-4BF8-A57F-AC8A5344FE64}.Release|Any CPU.ActiveCfg = Release|Any CPU
		{B59BEEE8-CA8C-4BF8-A57F-AC8A5344FE64}.Release|Any CPU.Build.0 = Release|Any CPU
		{8ECB9D8E-457A-497A-BFAC-65899E4D7149}.Debug|Any CPU.ActiveCfg = Debug|Any CPU
		{8ECB9D8E-457A-497A-BFAC-65899E4D7149}.Debug|Any CPU.Build.0 = Debug|Any CPU
		{8ECB9D8E-457A-497A-BFAC-65899E4D7149}.Release|Any CPU.ActiveCfg = Release|Any CPU
		{8ECB9D8E-457A-497A-BFAC-65899E4D7149}.Release|Any CPU.Build.0 = Release|Any CPU
		{3231A95B-DD9B-4F29-8DFC-91046B4C718B}.Debug|Any CPU.ActiveCfg = Debug|Any CPU
		{3231A95B-DD9B-4F29-8DFC-91046B4C718B}.Debug|Any CPU.Build.0 = Debug|Any CPU
		{3231A95B-DD9B-4F29-8DFC-91046B4C718B}.Release|Any CPU.ActiveCfg = Release|Any CPU
		{3231A95B-DD9B-4F29-8DFC-91046B4C718B}.Release|Any CPU.Build.0 = Release|Any CPU
		{E9234880-0B46-4333-B845-E7408BD83932}.Debug|Any CPU.ActiveCfg = Debug|Any CPU
		{E9234880-0B46-4333-B845-E7408BD83932}.Debug|Any CPU.Build.0 = Debug|Any CPU
		{E9234880-0B46-4333-B845-E7408BD83932}.Release|Any CPU.ActiveCfg = Release|Any CPU
		{E9234880-0B46-4333-B845-E7408BD83932}.Release|Any CPU.Build.0 = Release|Any CPU
		{B75BB066-9CF2-4DE3-8383-17E4E1BD2CAE}.Debug|Any CPU.ActiveCfg = Debug|Any CPU
		{B75BB066-9CF2-4DE3-8383-17E4E1BD2CAE}.Debug|Any CPU.Build.0 = Debug|Any CPU
		{B75BB066-9CF2-4DE3-8383-17E4E1BD2CAE}.Release|Any CPU.ActiveCfg = Release|Any CPU
		{B75BB066-9CF2-4DE3-8383-17E4E1BD2CAE}.Release|Any CPU.Build.0 = Release|Any CPU
		{C3474063-B3AD-4084-993B-8BF726005DEA}.Debug|Any CPU.ActiveCfg = Debug|Any CPU
		{C3474063-B3AD-4084-993B-8BF726005DEA}.Debug|Any CPU.Build.0 = Debug|Any CPU
		{C3474063-B3AD-4084-993B-8BF726005DEA}.Release|Any CPU.ActiveCfg = Release|Any CPU
		{C3474063-B3AD-4084-993B-8BF726005DEA}.Release|Any CPU.Build.0 = Release|Any CPU
		{491FA86F-87BE-4687-B880-3802C7325C00}.Debug|Any CPU.ActiveCfg = Debug|Any CPU
		{491FA86F-87BE-4687-B880-3802C7325C00}.Debug|Any CPU.Build.0 = Debug|Any CPU
		{491FA86F-87BE-4687-B880-3802C7325C00}.Release|Any CPU.ActiveCfg = Release|Any CPU
		{491FA86F-87BE-4687-B880-3802C7325C00}.Release|Any CPU.Build.0 = Release|Any CPU
		{A744E193-AAA7-4B37-9E57-17D6D8362C29}.Debug|Any CPU.ActiveCfg = Debug|Any CPU
		{A744E193-AAA7-4B37-9E57-17D6D8362C29}.Debug|Any CPU.Build.0 = Debug|Any CPU
		{A744E193-AAA7-4B37-9E57-17D6D8362C29}.Release|Any CPU.ActiveCfg = Release|Any CPU
		{A744E193-AAA7-4B37-9E57-17D6D8362C29}.Release|Any CPU.Build.0 = Release|Any CPU
		{F19CCA1E-EAA8-41AE-8927-98587E1EB50F}.Debug|Any CPU.ActiveCfg = Debug|Any CPU
		{F19CCA1E-EAA8-41AE-8927-98587E1EB50F}.Debug|Any CPU.Build.0 = Debug|Any CPU
		{F19CCA1E-EAA8-41AE-8927-98587E1EB50F}.Release|Any CPU.ActiveCfg = Release|Any CPU
		{F19CCA1E-EAA8-41AE-8927-98587E1EB50F}.Release|Any CPU.Build.0 = Release|Any CPU
		{808E2592-1858-4AA0-ADDE-91A5A115F957}.Debug|Any CPU.ActiveCfg = Debug|Any CPU
		{808E2592-1858-4AA0-ADDE-91A5A115F957}.Debug|Any CPU.Build.0 = Debug|Any CPU
		{808E2592-1858-4AA0-ADDE-91A5A115F957}.Release|Any CPU.ActiveCfg = Release|Any CPU
		{808E2592-1858-4AA0-ADDE-91A5A115F957}.Release|Any CPU.Build.0 = Release|Any CPU
		{9CB0D242-70CB-48D5-9FB9-D9E03240B702}.Debug|Any CPU.ActiveCfg = Debug|Any CPU
		{9CB0D242-70CB-48D5-9FB9-D9E03240B702}.Debug|Any CPU.Build.0 = Debug|Any CPU
		{9CB0D242-70CB-48D5-9FB9-D9E03240B702}.Release|Any CPU.ActiveCfg = Release|Any CPU
		{9CB0D242-70CB-48D5-9FB9-D9E03240B702}.Release|Any CPU.Build.0 = Release|Any CPU
		{267F2A61-670A-41A4-851F-746C3F89590A}.Debug|Any CPU.ActiveCfg = Debug|Any CPU
		{267F2A61-670A-41A4-851F-746C3F89590A}.Debug|Any CPU.Build.0 = Debug|Any CPU
		{267F2A61-670A-41A4-851F-746C3F89590A}.Release|Any CPU.ActiveCfg = Release|Any CPU
		{267F2A61-670A-41A4-851F-746C3F89590A}.Release|Any CPU.Build.0 = Release|Any CPU
		{BD9D15A2-6372-4806-A809-FFC795245C35}.Debug|Any CPU.ActiveCfg = Debug|Any CPU
		{BD9D15A2-6372-4806-A809-FFC795245C35}.Debug|Any CPU.Build.0 = Debug|Any CPU
		{BD9D15A2-6372-4806-A809-FFC795245C35}.Release|Any CPU.ActiveCfg = Release|Any CPU
		{BD9D15A2-6372-4806-A809-FFC795245C35}.Release|Any CPU.Build.0 = Release|Any CPU
		{DC71D809-24D1-48A8-A014-C4A6DD2B355F}.Debug|Any CPU.ActiveCfg = Debug|Any CPU
		{DC71D809-24D1-48A8-A014-C4A6DD2B355F}.Debug|Any CPU.Build.0 = Debug|Any CPU
		{DC71D809-24D1-48A8-A014-C4A6DD2B355F}.Release|Any CPU.ActiveCfg = Release|Any CPU
		{DC71D809-24D1-48A8-A014-C4A6DD2B355F}.Release|Any CPU.Build.0 = Release|Any CPU
		{B240EC2B-40C0-4C0E-9243-98C37F7FC742}.Debug|Any CPU.ActiveCfg = Debug|Any CPU
		{B240EC2B-40C0-4C0E-9243-98C37F7FC742}.Debug|Any CPU.Build.0 = Debug|Any CPU
		{B240EC2B-40C0-4C0E-9243-98C37F7FC742}.Release|Any CPU.ActiveCfg = Release|Any CPU
		{B240EC2B-40C0-4C0E-9243-98C37F7FC742}.Release|Any CPU.Build.0 = Release|Any CPU
		{71A76D6D-764E-430D-A5C1-52B2C0A5F796}.Debug|Any CPU.ActiveCfg = Debug|Any CPU
		{71A76D6D-764E-430D-A5C1-52B2C0A5F796}.Debug|Any CPU.Build.0 = Debug|Any CPU
		{71A76D6D-764E-430D-A5C1-52B2C0A5F796}.Release|Any CPU.ActiveCfg = Release|Any CPU
		{71A76D6D-764E-430D-A5C1-52B2C0A5F796}.Release|Any CPU.Build.0 = Release|Any CPU
		{102A1F37-6F10-415E-8343-BCDFC98CC825}.Debug|Any CPU.ActiveCfg = Debug|Any CPU
		{102A1F37-6F10-415E-8343-BCDFC98CC825}.Debug|Any CPU.Build.0 = Debug|Any CPU
		{102A1F37-6F10-415E-8343-BCDFC98CC825}.Release|Any CPU.ActiveCfg = Release|Any CPU
		{102A1F37-6F10-415E-8343-BCDFC98CC825}.Release|Any CPU.Build.0 = Release|Any CPU
		{62F9B56D-8E1E-42B7-99D8-EBEC33CC4960}.Debug|Any CPU.ActiveCfg = Debug|Any CPU
		{62F9B56D-8E1E-42B7-99D8-EBEC33CC4960}.Debug|Any CPU.Build.0 = Debug|Any CPU
		{62F9B56D-8E1E-42B7-99D8-EBEC33CC4960}.Release|Any CPU.ActiveCfg = Release|Any CPU
		{62F9B56D-8E1E-42B7-99D8-EBEC33CC4960}.Release|Any CPU.Build.0 = Release|Any CPU
		{0C28DF15-3C54-4A66-8EAB-9C2F53791EB0}.Debug|Any CPU.ActiveCfg = Debug|Any CPU
		{0C28DF15-3C54-4A66-8EAB-9C2F53791EB0}.Debug|Any CPU.Build.0 = Debug|Any CPU
		{0C28DF15-3C54-4A66-8EAB-9C2F53791EB0}.Release|Any CPU.ActiveCfg = Release|Any CPU
		{0C28DF15-3C54-4A66-8EAB-9C2F53791EB0}.Release|Any CPU.Build.0 = Release|Any CPU
		{F0041FA0-C383-44C1-93E0-8CF81C0023E9}.Debug|Any CPU.ActiveCfg = Debug|Any CPU
		{F0041FA0-C383-44C1-93E0-8CF81C0023E9}.Debug|Any CPU.Build.0 = Debug|Any CPU
		{F0041FA0-C383-44C1-93E0-8CF81C0023E9}.Release|Any CPU.ActiveCfg = Release|Any CPU
		{F0041FA0-C383-44C1-93E0-8CF81C0023E9}.Release|Any CPU.Build.0 = Release|Any CPU
		{0E6C7480-9DDD-40C7-9BF2-6334C42B4035}.Debug|Any CPU.ActiveCfg = Debug|Any CPU
		{0E6C7480-9DDD-40C7-9BF2-6334C42B4035}.Debug|Any CPU.Build.0 = Debug|Any CPU
		{0E6C7480-9DDD-40C7-9BF2-6334C42B4035}.Release|Any CPU.ActiveCfg = Release|Any CPU
		{0E6C7480-9DDD-40C7-9BF2-6334C42B4035}.Release|Any CPU.Build.0 = Release|Any CPU
		{505C0040-3E63-484B-AEA6-2102C79F3782}.Debug|Any CPU.ActiveCfg = Debug|Any CPU
		{505C0040-3E63-484B-AEA6-2102C79F3782}.Debug|Any CPU.Build.0 = Debug|Any CPU
		{505C0040-3E63-484B-AEA6-2102C79F3782}.Release|Any CPU.ActiveCfg = Release|Any CPU
		{505C0040-3E63-484B-AEA6-2102C79F3782}.Release|Any CPU.Build.0 = Release|Any CPU
		{E44F2FED-A60E-4E4B-BA22-76AF15D1777A}.Debug|Any CPU.ActiveCfg = Debug|Any CPU
		{E44F2FED-A60E-4E4B-BA22-76AF15D1777A}.Debug|Any CPU.Build.0 = Debug|Any CPU
		{E44F2FED-A60E-4E4B-BA22-76AF15D1777A}.Release|Any CPU.ActiveCfg = Release|Any CPU
		{E44F2FED-A60E-4E4B-BA22-76AF15D1777A}.Release|Any CPU.Build.0 = Release|Any CPU
		{BF9AEA01-3CAD-46BF-841F-36719E907BB5}.Debug|Any CPU.ActiveCfg = Debug|Any CPU
		{BF9AEA01-3CAD-46BF-841F-36719E907BB5}.Debug|Any CPU.Build.0 = Debug|Any CPU
		{BF9AEA01-3CAD-46BF-841F-36719E907BB5}.Release|Any CPU.ActiveCfg = Release|Any CPU
		{BF9AEA01-3CAD-46BF-841F-36719E907BB5}.Release|Any CPU.Build.0 = Release|Any CPU
		{118FF039-04B6-4023-9FD4-5F7C5A299558}.Debug|Any CPU.ActiveCfg = Debug|Any CPU
		{118FF039-04B6-4023-9FD4-5F7C5A299558}.Debug|Any CPU.Build.0 = Debug|Any CPU
		{118FF039-04B6-4023-9FD4-5F7C5A299558}.Release|Any CPU.ActiveCfg = Release|Any CPU
		{118FF039-04B6-4023-9FD4-5F7C5A299558}.Release|Any CPU.Build.0 = Release|Any CPU
		{1385C896-52E2-4F98-948D-3B07B6B6790C}.Debug|Any CPU.ActiveCfg = Debug|Any CPU
		{1385C896-52E2-4F98-948D-3B07B6B6790C}.Debug|Any CPU.Build.0 = Debug|Any CPU
		{1385C896-52E2-4F98-948D-3B07B6B6790C}.Release|Any CPU.ActiveCfg = Release|Any CPU
		{1385C896-52E2-4F98-948D-3B07B6B6790C}.Release|Any CPU.Build.0 = Release|Any CPU
	EndGlobalSection
	GlobalSection(SolutionProperties) = preSolution
		HideSolutionNode = FALSE
	EndGlobalSection
	GlobalSection(NestedProjects) = preSolution
		{B59BEEE8-CA8C-4BF8-A57F-AC8A5344FE64} = {45DCC75F-DD24-4EEF-A9A6-10D168D995AF}
		{8ECB9D8E-457A-497A-BFAC-65899E4D7149} = {05730A1E-9CED-4716-82F1-E7AFE33890A4}
		{3231A95B-DD9B-4F29-8DFC-91046B4C718B} = {45DCC75F-DD24-4EEF-A9A6-10D168D995AF}
		{E9234880-0B46-4333-B845-E7408BD83932} = {05730A1E-9CED-4716-82F1-E7AFE33890A4}
		{B75BB066-9CF2-4DE3-8383-17E4E1BD2CAE} = {05730A1E-9CED-4716-82F1-E7AFE33890A4}
		{C3474063-B3AD-4084-993B-8BF726005DEA} = {45DCC75F-DD24-4EEF-A9A6-10D168D995AF}
		{491FA86F-87BE-4687-B880-3802C7325C00} = {05730A1E-9CED-4716-82F1-E7AFE33890A4}
		{A744E193-AAA7-4B37-9E57-17D6D8362C29} = {45DCC75F-DD24-4EEF-A9A6-10D168D995AF}
		{F19CCA1E-EAA8-41AE-8927-98587E1EB50F} = {45DCC75F-DD24-4EEF-A9A6-10D168D995AF}
		{808E2592-1858-4AA0-ADDE-91A5A115F957} = {05730A1E-9CED-4716-82F1-E7AFE33890A4}
		{9CB0D242-70CB-48D5-9FB9-D9E03240B702} = {45DCC75F-DD24-4EEF-A9A6-10D168D995AF}
		{267F2A61-670A-41A4-851F-746C3F89590A} = {05730A1E-9CED-4716-82F1-E7AFE33890A4}
		{BD9D15A2-6372-4806-A809-FFC795245C35} = {45DCC75F-DD24-4EEF-A9A6-10D168D995AF}
		{DC71D809-24D1-48A8-A014-C4A6DD2B355F} = {05730A1E-9CED-4716-82F1-E7AFE33890A4}
		{B240EC2B-40C0-4C0E-9243-98C37F7FC742} = {45DCC75F-DD24-4EEF-A9A6-10D168D995AF}
		{71A76D6D-764E-430D-A5C1-52B2C0A5F796} = {05730A1E-9CED-4716-82F1-E7AFE33890A4}
		{102A1F37-6F10-415E-8343-BCDFC98CC825} = {45DCC75F-DD24-4EEF-A9A6-10D168D995AF}
		{62F9B56D-8E1E-42B7-99D8-EBEC33CC4960} = {05730A1E-9CED-4716-82F1-E7AFE33890A4}
		{0C28DF15-3C54-4A66-8EAB-9C2F53791EB0} = {45DCC75F-DD24-4EEF-A9A6-10D168D995AF}
		{F0041FA0-C383-44C1-93E0-8CF81C0023E9} = {05730A1E-9CED-4716-82F1-E7AFE33890A4}
		{0E6C7480-9DDD-40C7-9BF2-6334C42B4035} = {45DCC75F-DD24-4EEF-A9A6-10D168D995AF}
		{505C0040-3E63-484B-AEA6-2102C79F3782} = {05730A1E-9CED-4716-82F1-E7AFE33890A4}
		{E44F2FED-A60E-4E4B-BA22-76AF15D1777A} = {45DCC75F-DD24-4EEF-A9A6-10D168D995AF}
		{BF9AEA01-3CAD-46BF-841F-36719E907BB5} = {05730A1E-9CED-4716-82F1-E7AFE33890A4}
		{118FF039-04B6-4023-9FD4-5F7C5A299558} = {45DCC75F-DD24-4EEF-A9A6-10D168D995AF}
		{1385C896-52E2-4F98-948D-3B07B6B6790C} = {05730A1E-9CED-4716-82F1-E7AFE33890A4}
	EndGlobalSection
	GlobalSection(ExtensibilityGlobals) = postSolution
		SolutionGuid = {B959A874-3E1E-4D7D-9BA4-4BD598AB23EE}
	EndGlobalSection
EndGlobal
