
Microsoft Visual Studio Solution File, Format Version 12.00
# Visual Studio Version 17
VisualStudioVersion = 17.4.33103.184
MinimumVisualStudioVersion = 10.0.40219.1
Project("{2150E333-8FDC-42A3-9474-1A3956D46DE8}") = "src", "src", "{941AD661-C1AF-4D6B-AD70-886806F11EC0}"
EndProject
Project("{2150E333-8FDC-42A3-9474-1A3956D46DE8}") = "tests", "tests", "{DD937DE1-CE9F-4B59-9547-29BDEC8A9284}"
EndProject
Project("{FAE04EC0-301F-11D3-BF4B-00C04F79EFBC}") = "Day01.Tests", "tests\Day01.Tests\Day01.Tests.csproj", "{4D822BDA-1699-46A2-8A4B-5E5BEFF65C7A}"
EndProject
Project("{FAE04EC0-301F-11D3-BF4B-00C04F79EFBC}") = "Day01", "src\Day01\Day01.csproj", "{7AE90B58-CFF3-4370-B7C7-2DC4EC735C58}"
EndProject
Project("{FAE04EC0-301F-11D3-BF4B-00C04F79EFBC}") = "Day02.Tests", "tests\Day02.Tests\Day02.Tests.csproj", "{FE1B5AD5-5AA0-459A-86CB-332563010756}"
EndProject
Project("{FAE04EC0-301F-11D3-BF4B-00C04F79EFBC}") = "Day02", "src\Day02\Day02.csproj", "{EE42E5DC-10D2-4CE7-9AFA-4E1CCE583E79}"
EndProject
Global
	GlobalSection(SolutionConfigurationPlatforms) = preSolution
		Debug|Any CPU = Debug|Any CPU
		Release|Any CPU = Release|Any CPU
	EndGlobalSection
	GlobalSection(ProjectConfigurationPlatforms) = postSolution
		{4D822BDA-1699-46A2-8A4B-5E5BEFF65C7A}.Debug|Any CPU.ActiveCfg = Debug|Any CPU
		{4D822BDA-1699-46A2-8A4B-5E5BEFF65C7A}.Debug|Any CPU.Build.0 = Debug|Any CPU
		{4D822BDA-1699-46A2-8A4B-5E5BEFF65C7A}.Release|Any CPU.ActiveCfg = Release|Any CPU
		{4D822BDA-1699-46A2-8A4B-5E5BEFF65C7A}.Release|Any CPU.Build.0 = Release|Any CPU
		{7AE90B58-CFF3-4370-B7C7-2DC4EC735C58}.Debug|Any CPU.ActiveCfg = Debug|Any CPU
		{7AE90B58-CFF3-4370-B7C7-2DC4EC735C58}.Debug|Any CPU.Build.0 = Debug|Any CPU
		{7AE90B58-CFF3-4370-B7C7-2DC4EC735C58}.Release|Any CPU.ActiveCfg = Release|Any CPU
		{7AE90B58-CFF3-4370-B7C7-2DC4EC735C58}.Release|Any CPU.Build.0 = Release|Any CPU
		{FE1B5AD5-5AA0-459A-86CB-332563010756}.Debug|Any CPU.ActiveCfg = Debug|Any CPU
		{FE1B5AD5-5AA0-459A-86CB-332563010756}.Debug|Any CPU.Build.0 = Debug|Any CPU
		{FE1B5AD5-5AA0-459A-86CB-332563010756}.Release|Any CPU.ActiveCfg = Release|Any CPU
		{FE1B5AD5-5AA0-459A-86CB-332563010756}.Release|Any CPU.Build.0 = Release|Any CPU
		{EE42E5DC-10D2-4CE7-9AFA-4E1CCE583E79}.Debug|Any CPU.ActiveCfg = Debug|Any CPU
		{EE42E5DC-10D2-4CE7-9AFA-4E1CCE583E79}.Debug|Any CPU.Build.0 = Debug|Any CPU
		{EE42E5DC-10D2-4CE7-9AFA-4E1CCE583E79}.Release|Any CPU.ActiveCfg = Release|Any CPU
		{EE42E5DC-10D2-4CE7-9AFA-4E1CCE583E79}.Release|Any CPU.Build.0 = Release|Any CPU
	EndGlobalSection
	GlobalSection(SolutionProperties) = preSolution
		HideSolutionNode = FALSE
	EndGlobalSection
	GlobalSection(NestedProjects) = preSolution
		{4D822BDA-1699-46A2-8A4B-5E5BEFF65C7A} = {DD937DE1-CE9F-4B59-9547-29BDEC8A9284}
		{7AE90B58-CFF3-4370-B7C7-2DC4EC735C58} = {941AD661-C1AF-4D6B-AD70-886806F11EC0}
		{FE1B5AD5-5AA0-459A-86CB-332563010756} = {DD937DE1-CE9F-4B59-9547-29BDEC8A9284}
		{EE42E5DC-10D2-4CE7-9AFA-4E1CCE583E79} = {941AD661-C1AF-4D6B-AD70-886806F11EC0}
	EndGlobalSection
	GlobalSection(ExtensibilityGlobals) = postSolution
		SolutionGuid = {B7A40BA0-921B-4706-98F2-DD14C200D433}
	EndGlobalSection
EndGlobal
