
Microsoft Visual Studio Solution File, Format Version 12.00
# Visual Studio Version 17
VisualStudioVersion = 17.4.33103.184
MinimumVisualStudioVersion = 10.0.40219.1
Project("{2150E333-8FDC-42A3-9474-1A3956D46DE8}") = "src", "src", "{941AD661-C1AF-4D6B-AD70-886806F11EC0}"
EndProject
Project("{2150E333-8FDC-42A3-9474-1A3956D46DE8}") = "tests", "tests", "{DD937DE1-CE9F-4B59-9547-29BDEC8A9284}"
EndProject
Project("{FAE04EC0-301F-11D3-BF4B-00C04F79EFBC}") = "Day01.Tests", "tests\Day01.Tests\Day01.Tests.csproj", "{4D822BDA-1699-46A2-8A4B-5E5BEFF65C7A}"
EndProject
Project("{FAE04EC0-301F-11D3-BF4B-00C04F79EFBC}") = "Day01", "src\Day01\Day01.csproj", "{7AE90B58-CFF3-4370-B7C7-2DC4EC735C58}"
EndProject
Project("{9A19103F-16F7-4668-BE54-9A1E7A4F7556}") = "Day02.Tests", "tests\Day02.Tests\Day02.Tests.csproj", "{FE1B5AD5-5AA0-459A-86CB-332563010756}"
EndProject
Project("{9A19103F-16F7-4668-BE54-9A1E7A4F7556}") = "Day02", "src\Day02\Day02.csproj", "{EE42E5DC-10D2-4CE7-9AFA-4E1CCE583E79}"
EndProject
Project("{9A19103F-16F7-4668-BE54-9A1E7A4F7556}") = "Day03.Tests", "tests\Day03.Tests\Day03.Tests.csproj", "{1166CD15-5CD5-44DA-9048-AC72A4B729DD}"
EndProject
Project("{9A19103F-16F7-4668-BE54-9A1E7A4F7556}") = "Day03", "src\Day03\Day03.csproj", "{819210FE-BCC9-4363-B0AF-37B1A539AE09}"
EndProject
Project("{9A19103F-16F7-4668-BE54-9A1E7A4F7556}") = "Day04", "src\Day04\Day04.csproj", "{F662E629-0EB2-461C-8AE4-E96723FAA3CC}"
EndProject
Project("{9A19103F-16F7-4668-BE54-9A1E7A4F7556}") = "Day04.Tests", "tests\Day04.Tests\Day04.Tests.csproj", "{56453A5F-C9CA-4828-A796-C3C3961D2D5A}"
EndProject
Project("{FAE04EC0-301F-11D3-BF4B-00C04F79EFBC}") = "Day05", "src\Day05\Day05.csproj", "{2479BEA8-8328-4144-A54F-5FF2DB99E5F1}"
EndProject
Project("{FAE04EC0-301F-11D3-BF4B-00C04F79EFBC}") = "Day05.Tests", "tests\Day05.Tests\Day05.Tests.csproj", "{324F09B5-A96E-4285-8FFF-630A28B6FC4A}"
EndProject
Global
	GlobalSection(SolutionConfigurationPlatforms) = preSolution
		Debug|Any CPU = Debug|Any CPU
		Release|Any CPU = Release|Any CPU
	EndGlobalSection
	GlobalSection(ProjectConfigurationPlatforms) = postSolution
		{4D822BDA-1699-46A2-8A4B-5E5BEFF65C7A}.Debug|Any CPU.ActiveCfg = Debug|Any CPU
		{4D822BDA-1699-46A2-8A4B-5E5BEFF65C7A}.Debug|Any CPU.Build.0 = Debug|Any CPU
		{4D822BDA-1699-46A2-8A4B-5E5BEFF65C7A}.Release|Any CPU.ActiveCfg = Release|Any CPU
		{4D822BDA-1699-46A2-8A4B-5E5BEFF65C7A}.Release|Any CPU.Build.0 = Release|Any CPU
		{7AE90B58-CFF3-4370-B7C7-2DC4EC735C58}.Debug|Any CPU.ActiveCfg = Debug|Any CPU
		{7AE90B58-CFF3-4370-B7C7-2DC4EC735C58}.Debug|Any CPU.Build.0 = Debug|Any CPU
		{7AE90B58-CFF3-4370-B7C7-2DC4EC735C58}.Release|Any CPU.ActiveCfg = Release|Any CPU
		{7AE90B58-CFF3-4370-B7C7-2DC4EC735C58}.Release|Any CPU.Build.0 = Release|Any CPU
		{FE1B5AD5-5AA0-459A-86CB-332563010756}.Debug|Any CPU.ActiveCfg = Debug|Any CPU
		{FE1B5AD5-5AA0-459A-86CB-332563010756}.Debug|Any CPU.Build.0 = Debug|Any CPU
		{FE1B5AD5-5AA0-459A-86CB-332563010756}.Release|Any CPU.ActiveCfg = Release|Any CPU
		{FE1B5AD5-5AA0-459A-86CB-332563010756}.Release|Any CPU.Build.0 = Release|Any CPU
		{EE42E5DC-10D2-4CE7-9AFA-4E1CCE583E79}.Debug|Any CPU.ActiveCfg = Debug|Any CPU
		{EE42E5DC-10D2-4CE7-9AFA-4E1CCE583E79}.Debug|Any CPU.Build.0 = Debug|Any CPU
		{EE42E5DC-10D2-4CE7-9AFA-4E1CCE583E79}.Release|Any CPU.ActiveCfg = Release|Any CPU
		{EE42E5DC-10D2-4CE7-9AFA-4E1CCE583E79}.Release|Any CPU.Build.0 = Release|Any CPU
		{1166CD15-5CD5-44DA-9048-AC72A4B729DD}.Debug|Any CPU.ActiveCfg = Debug|Any CPU
		{1166CD15-5CD5-44DA-9048-AC72A4B729DD}.Debug|Any CPU.Build.0 = Debug|Any CPU
		{1166CD15-5CD5-44DA-9048-AC72A4B729DD}.Release|Any CPU.ActiveCfg = Release|Any CPU
		{1166CD15-5CD5-44DA-9048-AC72A4B729DD}.Release|Any CPU.Build.0 = Release|Any CPU
		{819210FE-BCC9-4363-B0AF-37B1A539AE09}.Debug|Any CPU.ActiveCfg = Debug|Any CPU
		{819210FE-BCC9-4363-B0AF-37B1A539AE09}.Debug|Any CPU.Build.0 = Debug|Any CPU
		{819210FE-BCC9-4363-B0AF-37B1A539AE09}.Release|Any CPU.ActiveCfg = Release|Any CPU
		{819210FE-BCC9-4363-B0AF-37B1A539AE09}.Release|Any CPU.Build.0 = Release|Any CPU
		{F662E629-0EB2-461C-8AE4-E96723FAA3CC}.Debug|Any CPU.ActiveCfg = Debug|Any CPU
		{F662E629-0EB2-461C-8AE4-E96723FAA3CC}.Debug|Any CPU.Build.0 = Debug|Any CPU
		{F662E629-0EB2-461C-8AE4-E96723FAA3CC}.Release|Any CPU.ActiveCfg = Release|Any CPU
		{F662E629-0EB2-461C-8AE4-E96723FAA3CC}.Release|Any CPU.Build.0 = Release|Any CPU
		{56453A5F-C9CA-4828-A796-C3C3961D2D5A}.Debug|Any CPU.ActiveCfg = Debug|Any CPU
		{56453A5F-C9CA-4828-A796-C3C3961D2D5A}.Debug|Any CPU.Build.0 = Debug|Any CPU
		{56453A5F-C9CA-4828-A796-C3C3961D2D5A}.Release|Any CPU.ActiveCfg = Release|Any CPU
		{56453A5F-C9CA-4828-A796-C3C3961D2D5A}.Release|Any CPU.Build.0 = Release|Any CPU
		{2479BEA8-8328-4144-A54F-5FF2DB99E5F1}.Debug|Any CPU.ActiveCfg = Debug|Any CPU
		{2479BEA8-8328-4144-A54F-5FF2DB99E5F1}.Debug|Any CPU.Build.0 = Debug|Any CPU
		{2479BEA8-8328-4144-A54F-5FF2DB99E5F1}.Release|Any CPU.ActiveCfg = Release|Any CPU
		{2479BEA8-8328-4144-A54F-5FF2DB99E5F1}.Release|Any CPU.Build.0 = Release|Any CPU
		{324F09B5-A96E-4285-8FFF-630A28B6FC4A}.Debug|Any CPU.ActiveCfg = Debug|Any CPU
		{324F09B5-A96E-4285-8FFF-630A28B6FC4A}.Debug|Any CPU.Build.0 = Debug|Any CPU
		{324F09B5-A96E-4285-8FFF-630A28B6FC4A}.Release|Any CPU.ActiveCfg = Release|Any CPU
		{324F09B5-A96E-4285-8FFF-630A28B6FC4A}.Release|Any CPU.Build.0 = Release|Any CPU
	EndGlobalSection
	GlobalSection(SolutionProperties) = preSolution
		HideSolutionNode = FALSE
	EndGlobalSection
	GlobalSection(NestedProjects) = preSolution
		{4D822BDA-1699-46A2-8A4B-5E5BEFF65C7A} = {DD937DE1-CE9F-4B59-9547-29BDEC8A9284}
		{7AE90B58-CFF3-4370-B7C7-2DC4EC735C58} = {941AD661-C1AF-4D6B-AD70-886806F11EC0}
		{FE1B5AD5-5AA0-459A-86CB-332563010756} = {DD937DE1-CE9F-4B59-9547-29BDEC8A9284}
		{EE42E5DC-10D2-4CE7-9AFA-4E1CCE583E79} = {941AD661-C1AF-4D6B-AD70-886806F11EC0}
		{1166CD15-5CD5-44DA-9048-AC72A4B729DD} = {DD937DE1-CE9F-4B59-9547-29BDEC8A9284}
		{819210FE-BCC9-4363-B0AF-37B1A539AE09} = {941AD661-C1AF-4D6B-AD70-886806F11EC0}
		{F662E629-0EB2-461C-8AE4-E96723FAA3CC} = {941AD661-C1AF-4D6B-AD70-886806F11EC0}
		{56453A5F-C9CA-4828-A796-C3C3961D2D5A} = {DD937DE1-CE9F-4B59-9547-29BDEC8A9284}
		{2479BEA8-8328-4144-A54F-5FF2DB99E5F1} = {941AD661-C1AF-4D6B-AD70-886806F11EC0}
		{324F09B5-A96E-4285-8FFF-630A28B6FC4A} = {DD937DE1-CE9F-4B59-9547-29BDEC8A9284}
	EndGlobalSection
	GlobalSection(ExtensibilityGlobals) = postSolution
		SolutionGuid = {B7A40BA0-921B-4706-98F2-DD14C200D433}
	EndGlobalSection
EndGlobal
