
Microsoft Visual Studio Solution File, Format Version 12.00
# Visual Studio Version 17
VisualStudioVersion = 17.0.31903.59
MinimumVisualStudioVersion = 10.0.40219.1
Project("{2150E333-8FDC-42A3-9474-1A3956D46DE8}") = "src", "src", "{267E7228-1F1E-4944-85DD-1965A84910E0}"
EndProject
Project("{2150E333-8FDC-42A3-9474-1A3956D46DE8}") = "tests", "tests", "{2B0B3ED6-0AB7-4E03-AA9B-1DC9CE62D835}"
EndProject
Project("{9A19103F-16F7-4668-BE54-9A1E7A4F7556}") = "Day01", "src\Day01\Day01.csproj", "{2C9BFF7A-499B-40B3-8470-C4BB08EAF03A}"
EndProject
Project("{9A19103F-16F7-4668-BE54-9A1E7A4F7556}") = "Day01.Tests", "tests\Day01.Tests\Day01.Tests.csproj", "{A98AB07B-07C3-49D7-A180-780A3AFD1060}"
EndProject
Project("{9A19103F-16F7-4668-BE54-9A1E7A4F7556}") = "Day02", "src\Day02\Day02.csproj", "{6E728C16-37A2-41E8-ADFA-CE3A1DF5FC80}"
EndProject
Project("{9A19103F-16F7-4668-BE54-9A1E7A4F7556}") = "Day02.Tests", "tests\Day02.Tests\Day02.Tests.csproj", "{8AA4E283-1426-47B3-952B-DB69FBEE0714}"
EndProject
Project("{2150E333-8FDC-42A3-9474-1A3956D46DE8}") = "golf", "golf", "{066ABC3E-C7BF-459A-916D-7CDBF3874314}"
	ProjectSection(SolutionItems) = preProject
		golf\.scorecard = golf\.scorecard
	EndProjectSection
EndProject
Project("{9A19103F-16F7-4668-BE54-9A1E7A4F7556}") = "Day01Part02", "golf\Day01Part02\Day01Part02.csproj", "{7CDBAF4F-1D34-4550-9EF3-AA4900B7CDCC}"
EndProject
Project("{9A19103F-16F7-4668-BE54-9A1E7A4F7556}") = "Day01Part01", "golf\Day01Part01\Day01Part01.csproj", "{5EB5D213-776B-4397-9B54-6A8671FB3675}"
EndProject
Project("{9A19103F-16F7-4668-BE54-9A1E7A4F7556}") = "Day02Part01", "golf\Day02Part01\Day02Part01.csproj", "{F34F2039-B84D-48A7-B167-DAF0233E1974}"
EndProject
Project("{9A19103F-16F7-4668-BE54-9A1E7A4F7556}") = "Day02Part02", "golf\Day02Part02\Day02Part02.csproj", "{8AD8DFBC-B429-4F6C-BD95-706481357A31}"
EndProject
Project("{9A19103F-16F7-4668-BE54-9A1E7A4F7556}") = "Day03", "src\Day03\Day03.csproj", "{450B2415-F0DB-454D-BA2D-210376D56794}"
EndProject
Project("{9A19103F-16F7-4668-BE54-9A1E7A4F7556}") = "Day03.Tests", "tests\Day03.Tests\Day03.Tests.csproj", "{641823E9-7786-4409-98A1-C0E29D1E6780}"
EndProject
Project("{9A19103F-16F7-4668-BE54-9A1E7A4F7556}") = "Day03Part01", "golf\Day03Part01\Day03Part01.csproj", "{8330EAAB-EA74-430D-8FF4-8DFFCBBFB83C}"
EndProject
Project("{9A19103F-16F7-4668-BE54-9A1E7A4F7556}") = "Day03Part02", "golf\Day03Part02\Day03Part02.csproj", "{8094468A-FF09-49E7-B51E-E41E3FC5F93D}"
EndProject
Project("{9A19103F-16F7-4668-BE54-9A1E7A4F7556}") = "Day04", "src\Day04\Day04.csproj", "{CA64301D-22C2-4303-81F2-732F570CDD69}"
EndProject
Project("{9A19103F-16F7-4668-BE54-9A1E7A4F7556}") = "Day04.Tests", "tests\Day04.Tests\Day04.Tests.csproj", "{F79FA19D-C535-4843-9A46-B5920DB76B10}"
EndProject
Project("{9A19103F-16F7-4668-BE54-9A1E7A4F7556}") = "Day05", "src\Day05\Day05.csproj", "{3B5D36D9-65BA-484B-89B5-D96543C6DF55}"
EndProject
Project("{9A19103F-16F7-4668-BE54-9A1E7A4F7556}") = "Day05.Tests", "tests\Day05.Tests\Day05.Tests.csproj", "{B807EC1A-BBE8-49A6-96A7-33539D33B1DA}"
EndProject
Project("{9A19103F-16F7-4668-BE54-9A1E7A4F7556}") = "Day06", "src\Day06\Day06.csproj", "{CAFD2DFA-F751-4B2F-94E0-C15203C11C31}"
EndProject
Project("{9A19103F-16F7-4668-BE54-9A1E7A4F7556}") = "Day06.Tests", "tests\Day06.Tests\Day06.Tests.csproj", "{5931BF42-524A-4AF1-B3F9-BFF900BF32F4}"
EndProject
Project("{FAE04EC0-301F-11D3-BF4B-00C04F79EFBC}") = "Day07", "src\Day07\Day07.csproj", "{B3657D58-BCFD-4BBF-A101-8D5D02F1881D}"
EndProject
Project("{FAE04EC0-301F-11D3-BF4B-00C04F79EFBC}") = "Day07.Tests", "tests\Day07.Tests\Day07.Tests.csproj", "{2DA59599-28C9-44EC-99F6-DC707B8ADBC9}"
EndProject
Project("{9A19103F-16F7-4668-BE54-9A1E7A4F7556}") = "Day08", "src\Day08\Day08.csproj", "{329C6D47-6DF8-4ABE-ABF4-22D98746AC9B}"
EndProject
Project("{9A19103F-16F7-4668-BE54-9A1E7A4F7556}") = "Day08.Tests", "tests\Day08.Tests\Day08.Tests.csproj", "{D7E743C6-7BBB-4071-8EB9-04C8C609C27A}"
EndProject
Project("{FAE04EC0-301F-11D3-BF4B-00C04F79EFBC}") = "Day09", "src\Day09\Day09.csproj", "{AD4D6034-3CD7-4515-8F2E-C4AEC263415A}"
EndProject
Project("{FAE04EC0-301F-11D3-BF4B-00C04F79EFBC}") = "Day09.Tests", "tests\Day09.Tests\Day09.Tests.csproj", "{36A79596-117E-4672-9CA5-808ABC846724}"
EndProject
Global
	GlobalSection(SolutionConfigurationPlatforms) = preSolution
		Debug|Any CPU = Debug|Any CPU
		Release|Any CPU = Release|Any CPU
	EndGlobalSection
	GlobalSection(ProjectConfigurationPlatforms) = postSolution
		{2C9BFF7A-499B-40B3-8470-C4BB08EAF03A}.Debug|Any CPU.ActiveCfg = Debug|Any CPU
		{2C9BFF7A-499B-40B3-8470-C4BB08EAF03A}.Debug|Any CPU.Build.0 = Debug|Any CPU
		{2C9BFF7A-499B-40B3-8470-C4BB08EAF03A}.Release|Any CPU.ActiveCfg = Release|Any CPU
		{2C9BFF7A-499B-40B3-8470-C4BB08EAF03A}.Release|Any CPU.Build.0 = Release|Any CPU
		{A98AB07B-07C3-49D7-A180-780A3AFD1060}.Debug|Any CPU.ActiveCfg = Debug|Any CPU
		{A98AB07B-07C3-49D7-A180-780A3AFD1060}.Debug|Any CPU.Build.0 = Debug|Any CPU
		{A98AB07B-07C3-49D7-A180-780A3AFD1060}.Release|Any CPU.ActiveCfg = Release|Any CPU
		{A98AB07B-07C3-49D7-A180-780A3AFD1060}.Release|Any CPU.Build.0 = Release|Any CPU
		{6E728C16-37A2-41E8-ADFA-CE3A1DF5FC80}.Debug|Any CPU.ActiveCfg = Debug|Any CPU
		{6E728C16-37A2-41E8-ADFA-CE3A1DF5FC80}.Debug|Any CPU.Build.0 = Debug|Any CPU
		{6E728C16-37A2-41E8-ADFA-CE3A1DF5FC80}.Release|Any CPU.ActiveCfg = Release|Any CPU
		{6E728C16-37A2-41E8-ADFA-CE3A1DF5FC80}.Release|Any CPU.Build.0 = Release|Any CPU
		{8AA4E283-1426-47B3-952B-DB69FBEE0714}.Debug|Any CPU.ActiveCfg = Debug|Any CPU
		{8AA4E283-1426-47B3-952B-DB69FBEE0714}.Debug|Any CPU.Build.0 = Debug|Any CPU
		{8AA4E283-1426-47B3-952B-DB69FBEE0714}.Release|Any CPU.ActiveCfg = Release|Any CPU
		{8AA4E283-1426-47B3-952B-DB69FBEE0714}.Release|Any CPU.Build.0 = Release|Any CPU
		{7CDBAF4F-1D34-4550-9EF3-AA4900B7CDCC}.Debug|Any CPU.ActiveCfg = Debug|Any CPU
		{7CDBAF4F-1D34-4550-9EF3-AA4900B7CDCC}.Debug|Any CPU.Build.0 = Debug|Any CPU
		{7CDBAF4F-1D34-4550-9EF3-AA4900B7CDCC}.Release|Any CPU.ActiveCfg = Release|Any CPU
		{7CDBAF4F-1D34-4550-9EF3-AA4900B7CDCC}.Release|Any CPU.Build.0 = Release|Any CPU
		{5EB5D213-776B-4397-9B54-6A8671FB3675}.Debug|Any CPU.ActiveCfg = Debug|Any CPU
		{5EB5D213-776B-4397-9B54-6A8671FB3675}.Debug|Any CPU.Build.0 = Debug|Any CPU
		{5EB5D213-776B-4397-9B54-6A8671FB3675}.Release|Any CPU.ActiveCfg = Release|Any CPU
		{5EB5D213-776B-4397-9B54-6A8671FB3675}.Release|Any CPU.Build.0 = Release|Any CPU
		{F34F2039-B84D-48A7-B167-DAF0233E1974}.Debug|Any CPU.ActiveCfg = Debug|Any CPU
		{F34F2039-B84D-48A7-B167-DAF0233E1974}.Debug|Any CPU.Build.0 = Debug|Any CPU
		{F34F2039-B84D-48A7-B167-DAF0233E1974}.Release|Any CPU.ActiveCfg = Release|Any CPU
		{F34F2039-B84D-48A7-B167-DAF0233E1974}.Release|Any CPU.Build.0 = Release|Any CPU
		{8AD8DFBC-B429-4F6C-BD95-706481357A31}.Debug|Any CPU.ActiveCfg = Debug|Any CPU
		{8AD8DFBC-B429-4F6C-BD95-706481357A31}.Debug|Any CPU.Build.0 = Debug|Any CPU
		{8AD8DFBC-B429-4F6C-BD95-706481357A31}.Release|Any CPU.ActiveCfg = Release|Any CPU
		{8AD8DFBC-B429-4F6C-BD95-706481357A31}.Release|Any CPU.Build.0 = Release|Any CPU
		{450B2415-F0DB-454D-BA2D-210376D56794}.Debug|Any CPU.ActiveCfg = Debug|Any CPU
		{450B2415-F0DB-454D-BA2D-210376D56794}.Debug|Any CPU.Build.0 = Debug|Any CPU
		{450B2415-F0DB-454D-BA2D-210376D56794}.Release|Any CPU.ActiveCfg = Release|Any CPU
		{450B2415-F0DB-454D-BA2D-210376D56794}.Release|Any CPU.Build.0 = Release|Any CPU
		{641823E9-7786-4409-98A1-C0E29D1E6780}.Debug|Any CPU.ActiveCfg = Debug|Any CPU
		{641823E9-7786-4409-98A1-C0E29D1E6780}.Debug|Any CPU.Build.0 = Debug|Any CPU
		{641823E9-7786-4409-98A1-C0E29D1E6780}.Release|Any CPU.ActiveCfg = Release|Any CPU
		{641823E9-7786-4409-98A1-C0E29D1E6780}.Release|Any CPU.Build.0 = Release|Any CPU
		{8330EAAB-EA74-430D-8FF4-8DFFCBBFB83C}.Debug|Any CPU.ActiveCfg = Debug|Any CPU
		{8330EAAB-EA74-430D-8FF4-8DFFCBBFB83C}.Debug|Any CPU.Build.0 = Debug|Any CPU
		{8330EAAB-EA74-430D-8FF4-8DFFCBBFB83C}.Release|Any CPU.ActiveCfg = Release|Any CPU
		{8330EAAB-EA74-430D-8FF4-8DFFCBBFB83C}.Release|Any CPU.Build.0 = Release|Any CPU
		{8094468A-FF09-49E7-B51E-E41E3FC5F93D}.Debug|Any CPU.ActiveCfg = Debug|Any CPU
		{8094468A-FF09-49E7-B51E-E41E3FC5F93D}.Debug|Any CPU.Build.0 = Debug|Any CPU
		{8094468A-FF09-49E7-B51E-E41E3FC5F93D}.Release|Any CPU.ActiveCfg = Release|Any CPU
		{8094468A-FF09-49E7-B51E-E41E3FC5F93D}.Release|Any CPU.Build.0 = Release|Any CPU
		{CA64301D-22C2-4303-81F2-732F570CDD69}.Debug|Any CPU.ActiveCfg = Debug|Any CPU
		{CA64301D-22C2-4303-81F2-732F570CDD69}.Debug|Any CPU.Build.0 = Debug|Any CPU
		{CA64301D-22C2-4303-81F2-732F570CDD69}.Release|Any CPU.ActiveCfg = Release|Any CPU
		{CA64301D-22C2-4303-81F2-732F570CDD69}.Release|Any CPU.Build.0 = Release|Any CPU
		{F79FA19D-C535-4843-9A46-B5920DB76B10}.Debug|Any CPU.ActiveCfg = Debug|Any CPU
		{F79FA19D-C535-4843-9A46-B5920DB76B10}.Debug|Any CPU.Build.0 = Debug|Any CPU
		{F79FA19D-C535-4843-9A46-B5920DB76B10}.Release|Any CPU.ActiveCfg = Release|Any CPU
		{F79FA19D-C535-4843-9A46-B5920DB76B10}.Release|Any CPU.Build.0 = Release|Any CPU
		{3B5D36D9-65BA-484B-89B5-D96543C6DF55}.Debug|Any CPU.ActiveCfg = Debug|Any CPU
		{3B5D36D9-65BA-484B-89B5-D96543C6DF55}.Debug|Any CPU.Build.0 = Debug|Any CPU
		{3B5D36D9-65BA-484B-89B5-D96543C6DF55}.Release|Any CPU.ActiveCfg = Release|Any CPU
		{3B5D36D9-65BA-484B-89B5-D96543C6DF55}.Release|Any CPU.Build.0 = Release|Any CPU
		{B807EC1A-BBE8-49A6-96A7-33539D33B1DA}.Debug|Any CPU.ActiveCfg = Debug|Any CPU
		{B807EC1A-BBE8-49A6-96A7-33539D33B1DA}.Debug|Any CPU.Build.0 = Debug|Any CPU
		{B807EC1A-BBE8-49A6-96A7-33539D33B1DA}.Release|Any CPU.ActiveCfg = Release|Any CPU
		{B807EC1A-BBE8-49A6-96A7-33539D33B1DA}.Release|Any CPU.Build.0 = Release|Any CPU
		{CAFD2DFA-F751-4B2F-94E0-C15203C11C31}.Debug|Any CPU.ActiveCfg = Debug|Any CPU
		{CAFD2DFA-F751-4B2F-94E0-C15203C11C31}.Debug|Any CPU.Build.0 = Debug|Any CPU
		{CAFD2DFA-F751-4B2F-94E0-C15203C11C31}.Release|Any CPU.ActiveCfg = Release|Any CPU
		{CAFD2DFA-F751-4B2F-94E0-C15203C11C31}.Release|Any CPU.Build.0 = Release|Any CPU
		{5931BF42-524A-4AF1-B3F9-BFF900BF32F4}.Debug|Any CPU.ActiveCfg = Debug|Any CPU
		{5931BF42-524A-4AF1-B3F9-BFF900BF32F4}.Debug|Any CPU.Build.0 = Debug|Any CPU
		{5931BF42-524A-4AF1-B3F9-BFF900BF32F4}.Release|Any CPU.ActiveCfg = Release|Any CPU
		{5931BF42-524A-4AF1-B3F9-BFF900BF32F4}.Release|Any CPU.Build.0 = Release|Any CPU
		{B3657D58-BCFD-4BBF-A101-8D5D02F1881D}.Debug|Any CPU.ActiveCfg = Debug|Any CPU
		{B3657D58-BCFD-4BBF-A101-8D5D02F1881D}.Debug|Any CPU.Build.0 = Debug|Any CPU
		{B3657D58-BCFD-4BBF-A101-8D5D02F1881D}.Release|Any CPU.ActiveCfg = Release|Any CPU
		{B3657D58-BCFD-4BBF-A101-8D5D02F1881D}.Release|Any CPU.Build.0 = Release|Any CPU
		{2DA59599-28C9-44EC-99F6-DC707B8ADBC9}.Debug|Any CPU.ActiveCfg = Debug|Any CPU
		{2DA59599-28C9-44EC-99F6-DC707B8ADBC9}.Debug|Any CPU.Build.0 = Debug|Any CPU
		{2DA59599-28C9-44EC-99F6-DC707B8ADBC9}.Release|Any CPU.ActiveCfg = Release|Any CPU
		{2DA59599-28C9-44EC-99F6-DC707B8ADBC9}.Release|Any CPU.Build.0 = Release|Any CPU
		{329C6D47-6DF8-4ABE-ABF4-22D98746AC9B}.Debug|Any CPU.ActiveCfg = Debug|Any CPU
		{329C6D47-6DF8-4ABE-ABF4-22D98746AC9B}.Debug|Any CPU.Build.0 = Debug|Any CPU
		{329C6D47-6DF8-4ABE-ABF4-22D98746AC9B}.Release|Any CPU.ActiveCfg = Release|Any CPU
		{329C6D47-6DF8-4ABE-ABF4-22D98746AC9B}.Release|Any CPU.Build.0 = Release|Any CPU
		{D7E743C6-7BBB-4071-8EB9-04C8C609C27A}.Debug|Any CPU.ActiveCfg = Debug|Any CPU
		{D7E743C6-7BBB-4071-8EB9-04C8C609C27A}.Debug|Any CPU.Build.0 = Debug|Any CPU
		{D7E743C6-7BBB-4071-8EB9-04C8C609C27A}.Release|Any CPU.ActiveCfg = Release|Any CPU
		{D7E743C6-7BBB-4071-8EB9-04C8C609C27A}.Release|Any CPU.Build.0 = Release|Any CPU
		{AD4D6034-3CD7-4515-8F2E-C4AEC263415A}.Debug|Any CPU.ActiveCfg = Debug|Any CPU
		{AD4D6034-3CD7-4515-8F2E-C4AEC263415A}.Debug|Any CPU.Build.0 = Debug|Any CPU
		{AD4D6034-3CD7-4515-8F2E-C4AEC263415A}.Release|Any CPU.ActiveCfg = Release|Any CPU
		{AD4D6034-3CD7-4515-8F2E-C4AEC263415A}.Release|Any CPU.Build.0 = Release|Any CPU
		{36A79596-117E-4672-9CA5-808ABC846724}.Debug|Any CPU.ActiveCfg = Debug|Any CPU
		{36A79596-117E-4672-9CA5-808ABC846724}.Debug|Any CPU.Build.0 = Debug|Any CPU
		{36A79596-117E-4672-9CA5-808ABC846724}.Release|Any CPU.ActiveCfg = Release|Any CPU
		{36A79596-117E-4672-9CA5-808ABC846724}.Release|Any CPU.Build.0 = Release|Any CPU
	EndGlobalSection
	GlobalSection(SolutionProperties) = preSolution
		HideSolutionNode = FALSE
	EndGlobalSection
	GlobalSection(NestedProjects) = preSolution
		{2C9BFF7A-499B-40B3-8470-C4BB08EAF03A} = {267E7228-1F1E-4944-85DD-1965A84910E0}
		{A98AB07B-07C3-49D7-A180-780A3AFD1060} = {2B0B3ED6-0AB7-4E03-AA9B-1DC9CE62D835}
		{6E728C16-37A2-41E8-ADFA-CE3A1DF5FC80} = {267E7228-1F1E-4944-85DD-1965A84910E0}
		{8AA4E283-1426-47B3-952B-DB69FBEE0714} = {2B0B3ED6-0AB7-4E03-AA9B-1DC9CE62D835}
		{7CDBAF4F-1D34-4550-9EF3-AA4900B7CDCC} = {066ABC3E-C7BF-459A-916D-7CDBF3874314}
		{5EB5D213-776B-4397-9B54-6A8671FB3675} = {066ABC3E-C7BF-459A-916D-7CDBF3874314}
		{F34F2039-B84D-48A7-B167-DAF0233E1974} = {066ABC3E-C7BF-459A-916D-7CDBF3874314}
		{8AD8DFBC-B429-4F6C-BD95-706481357A31} = {066ABC3E-C7BF-459A-916D-7CDBF3874314}
		{450B2415-F0DB-454D-BA2D-210376D56794} = {267E7228-1F1E-4944-85DD-1965A84910E0}
		{641823E9-7786-4409-98A1-C0E29D1E6780} = {2B0B3ED6-0AB7-4E03-AA9B-1DC9CE62D835}
		{8330EAAB-EA74-430D-8FF4-8DFFCBBFB83C} = {066ABC3E-C7BF-459A-916D-7CDBF3874314}
		{8094468A-FF09-49E7-B51E-E41E3FC5F93D} = {066ABC3E-C7BF-459A-916D-7CDBF3874314}
		{CA64301D-22C2-4303-81F2-732F570CDD69} = {267E7228-1F1E-4944-85DD-1965A84910E0}
		{F79FA19D-C535-4843-9A46-B5920DB76B10} = {2B0B3ED6-0AB7-4E03-AA9B-1DC9CE62D835}
		{3B5D36D9-65BA-484B-89B5-D96543C6DF55} = {267E7228-1F1E-4944-85DD-1965A84910E0}
		{B807EC1A-BBE8-49A6-96A7-33539D33B1DA} = {2B0B3ED6-0AB7-4E03-AA9B-1DC9CE62D835}
		{CAFD2DFA-F751-4B2F-94E0-C15203C11C31} = {267E7228-1F1E-4944-85DD-1965A84910E0}
		{5931BF42-524A-4AF1-B3F9-BFF900BF32F4} = {2B0B3ED6-0AB7-4E03-AA9B-1DC9CE62D835}
		{B3657D58-BCFD-4BBF-A101-8D5D02F1881D} = {267E7228-1F1E-4944-85DD-1965A84910E0}
		{2DA59599-28C9-44EC-99F6-DC707B8ADBC9} = {2B0B3ED6-0AB7-4E03-AA9B-1DC9CE62D835}
		{329C6D47-6DF8-4ABE-ABF4-22D98746AC9B} = {267E7228-1F1E-4944-85DD-1965A84910E0}
		{D7E743C6-7BBB-4071-8EB9-04C8C609C27A} = {2B0B3ED6-0AB7-4E03-AA9B-1DC9CE62D835}
		{AD4D6034-3CD7-4515-8F2E-C4AEC263415A} = {267E7228-1F1E-4944-85DD-1965A84910E0}
		{36A79596-117E-4672-9CA5-808ABC846724} = {2B0B3ED6-0AB7-4E03-AA9B-1DC9CE62D835}
	EndGlobalSection
	GlobalSection(ExtensibilityGlobals) = postSolution
		SolutionGuid = {72E881A0-4E16-4206-B124-82C928B201C2}
	EndGlobalSection
EndGlobal
